
Microsoft Visual Studio Solution File, Format Version 12.00
# Visual Studio 14
VisualStudioVersion = 14.0.24720.0
MinimumVisualStudioVersion = 10.0.40219.1
Project("{FAE04EC0-301F-11D3-BF4B-00C04F79EFBC}") = "Rife.Keyboard", "Chones.Keyboard\Rife.Keyboard.csproj", "{EFC4CF3A-A974-4E68-B8A3-2B3CD2A42484}"
EndProject
Project("{FAE04EC0-301F-11D3-BF4B-00C04F79EFBC}") = "Rife.KeyboardTester", "Chones.KeyboardTester\Rife.KeyboardTester.csproj", "{509B83A4-5A23-4B13-8807-A56C66C4D8E4}"
EndProject
Global
	GlobalSection(SolutionConfigurationPlatforms) = preSolution
		Debug|Any CPU = Debug|Any CPU
		Release|Any CPU = Release|Any CPU
	EndGlobalSection
	GlobalSection(ProjectConfigurationPlatforms) = postSolution
		{EFC4CF3A-A974-4E68-B8A3-2B3CD2A42484}.Debug|Any CPU.ActiveCfg = Debug|Any CPU
		{EFC4CF3A-A974-4E68-B8A3-2B3CD2A42484}.Debug|Any CPU.Build.0 = Debug|Any CPU
		{EFC4CF3A-A974-4E68-B8A3-2B3CD2A42484}.Release|Any CPU.ActiveCfg = Release|Any CPU
		{EFC4CF3A-A974-4E68-B8A3-2B3CD2A42484}.Release|Any CPU.Build.0 = Release|Any CPU
		{509B83A4-5A23-4B13-8807-A56C66C4D8E4}.Debug|Any CPU.ActiveCfg = Debug|Any CPU
		{509B83A4-5A23-4B13-8807-A56C66C4D8E4}.Debug|Any CPU.Build.0 = Debug|Any CPU
		{509B83A4-5A23-4B13-8807-A56C66C4D8E4}.Release|Any CPU.ActiveCfg = Release|Any CPU
		{509B83A4-5A23-4B13-8807-A56C66C4D8E4}.Release|Any CPU.Build.0 = Release|Any CPU
	EndGlobalSection
	GlobalSection(SolutionProperties) = preSolution
		HideSolutionNode = FALSE
	EndGlobalSection
EndGlobal
